{
    "_readme": [
        "This file locks the dependencies of your project to a known state",
        "Read more about it at https://getcomposer.org/doc/01-basic-usage.md#composer-lock-the-lock-file",
        "This file is @generated automatically"
    ],
    "content-hash": "91c091e41d6398ebc9858b24132b66af",
    "packages": [
        {
            "name": "piwik/searchengine-and-social-list",
            "version": "1.3.10",
            "source": {
                "type": "git",
                "url": "https://github.com/piwik/searchengine-and-social-list.git",
                "reference": "4ee85edc474a5e65cc785df470164037aaebc317"
            },
            "dist": {
                "type": "zip",
                "url": "https://api.github.com/repos/piwik/searchengine-and-social-list/zipball/4ee85edc474a5e65cc785df470164037aaebc317",
                "reference": "4ee85edc474a5e65cc785df470164037aaebc317",
                "shasum": ""
            },
            "type": "library",
            "notification-url": "https://packagist.org/downloads/",
            "license": [
                "Public Domain"
            ],
            "description": "Search engine and social network definitions used by Piwik",
            "time": "2017-09-10T11:20:27+00:00"
        }
    ],
    "packages-dev": [],
    "aliases": [],
    "minimum-stability": "stable",
    "stability-flags": [],
    "prefer-stable": false,
    "prefer-lowest": false,
    "platform": [],
    "platform-dev": []
}
