{
  "name": "icons",
  "lockfileVersion": 2,
  "requires": true,
  "packages": {
    "": {
      "dependencies": {
        "browser-logos": "alrra/browser-logos",
        "flag-icon-css": "lipis/flag-icon-css"
      }
    },
    "node_modules/browser-logos": {
      "version": "70.1.0",
      "resolved": "git+ssh://git@github.com/alrra/browser-logos.git#7bfef89b8bc38373d5d062db3aa36d2939e9ab2b"
    },
    "node_modules/flag-icon-css": {
      "version": "3.5.0",
      "resolved": "git+ssh://git@github.com/lipis/flag-icon-css.git#66dc7ba0805fa2fe28c39dbbcf5a84d476d2ab72"
    }
  },
  "dependencies": {
    "browser-logos": {
      "version": "git+ssh://git@github.com/alrra/browser-logos.git#7bfef89b8bc38373d5d062db3aa36d2939e9ab2b",
      "from": "browser-logos@alrra/browser-logos"
    },
    "flag-icon-css": {
      "version": "git+ssh://git@github.com/lipis/flag-icon-css.git#66dc7ba0805fa2fe28c39dbbcf5a84d476d2ab72",
      "from": "flag-icon-css@lipis/flag-icon-css"
    }
  }
}
