{
  "name": "icons",
  "lockfileVersion": 3,
  "requires": true,
  "packages": {
    "": {
      "dependencies": {
        "browser-logos": "github:Findus23/browser-logos",
        "flag-icons": "github:lipis/flag-icon-css"
      }
    },
    "node_modules/browser-logos": {
      "version": "74.0.0",
      "resolved": "git+ssh://git@github.com/Findus23/browser-logos.git#81d5aff573fd57c034a66f3fa0af79cd9805e380"
    },
    "node_modules/flag-icons": {
      "version": "6.7.0",
      "resolved": "git+ssh://git@github.com/lipis/flag-icon-css.git#45fc3d388eee89b9054f2182af0a6aace74cc19b",
      "license": "MIT"
    }
  }
}
