{
  "name": "matomo-icons",
  "lockfileVersion": 3,
  "requires": true,
  "packages": {
    "": {
      "dependencies": {
        "browser-logos": "github:Findus23/browser-logos",
        "flag-icons": "github:lipis/flag-icon-css"
      }
    },
    "node_modules/browser-logos": {
      "version": "74.0.0",
      "resolved": "git+ssh://git@github.com/Findus23/browser-logos.git#81d5aff573fd57c034a66f3fa0af79cd9805e380"
    },
    "node_modules/flag-icons": {
      "version": "7.2.3",
      "resolved": "git+ssh://git@github.com/lipis/flag-icon-css.git#b919a036693ee1ee0434ef5ae05f93543fc4f437",
      "license": "MIT"
    }
  }
}
