# THIS IS AN AUTOGENERATED FILE. DO NOT EDIT THIS FILE DIRECTLY.
# yarn lockfile v1


browser-logos@alrra/browser-logos:
  version "62.2.25"
  resolved "https://codeload.github.com/alrra/browser-logos/tar.gz/59e0708d2fe5322860a933103ad71543b453a782"

flag-icon-css@lipis/flag-icon-css:
  version "3.4.6"
  resolved "https://codeload.github.com/lipis/flag-icon-css/tar.gz/55689368e99d7767acda0dafb22e3376e9ebcc32"
