# THIS IS AN AUTOGENERATED FILE. DO NOT EDIT THIS FILE DIRECTLY.
# yarn lockfile v1


browser-logos@alrra/browser-logos:
  version "49.1.0"
  resolved "https://codeload.github.com/alrra/browser-logos/tar.gz/88a8230471acab9d490c730be560f16167580525"

flag-icon-css@^3.3.0:
  version "3.3.0"
  resolved "https://registry.yarnpkg.com/flag-icon-css/-/flag-icon-css-3.3.0.tgz#7772461e4480d3d86da5962f02120a2825688433"
  integrity sha512-u5lCGVExrJJRykNGd//ZrBU5Bkt0LTZJFSuG+Az/pwcHgzDeFwomwFbsgVtI1aJd6ysyHsx+5UGrA+nhSGd4yw==
